
Microsoft Visual Studio Solution File, Format Version 12.00
# Visual Studio Version 16
VisualStudioVersion = 16.0.32413.511
MinimumVisualStudioVersion = 10.0.40219.1
Project("{FAE04EC0-301F-11D3-BF4B-00C04F79EFBC}") = "DDD.Domain", "DDD.Domain\DDD.Domain.csproj", "{93F51DFF-84D3-43D9-8039-36BDCBAC5431}"
EndProject
Project("{FAE04EC0-301F-11D3-BF4B-00C04F79EFBC}") = "DDD.Tests", "DDD.Tests\DDD.Tests.csproj", "{8ED181EE-A3DC-4D10-A828-6DBC4E92446C}"
EndProject
Project("{FAE04EC0-301F-11D3-BF4B-00C04F79EFBC}") = "DDD.Infrastructure", "DDD.Infrastructure\DDD.Infrastructure.csproj", "{0ABA64D7-D509-46B4-8904-2608DF336400}"
EndProject
Project("{FAE04EC0-301F-11D3-BF4B-00C04F79EFBC}") = "DDD.Practice", "DDD.Practice\DDD.Practice.csproj", "{A8273294-C112-453B-9D06-ED04FCC363C4}"
EndProject
Project("{FAE04EC0-301F-11D3-BF4B-00C04F79EFBC}") = "DDD.Application", "DDD.Application\DDD.Application.csproj", "{793936EA-2E36-4CE3-93BC-20B41EDEB7C9}"
EndProject
Global
	GlobalSection(SolutionConfigurationPlatforms) = preSolution
		Debug|Any CPU = Debug|Any CPU
		Release|Any CPU = Release|Any CPU
	EndGlobalSection
	GlobalSection(ProjectConfigurationPlatforms) = postSolution
		{93F51DFF-84D3-43D9-8039-36BDCBAC5431}.Debug|Any CPU.ActiveCfg = Debug|Any CPU
		{93F51DFF-84D3-43D9-8039-36BDCBAC5431}.Debug|Any CPU.Build.0 = Debug|Any CPU
		{93F51DFF-84D3-43D9-8039-36BDCBAC5431}.Release|Any CPU.ActiveCfg = Release|Any CPU
		{93F51DFF-84D3-43D9-8039-36BDCBAC5431}.Release|Any CPU.Build.0 = Release|Any CPU
		{8ED181EE-A3DC-4D10-A828-6DBC4E92446C}.Debug|Any CPU.ActiveCfg = Debug|Any CPU
		{8ED181EE-A3DC-4D10-A828-6DBC4E92446C}.Debug|Any CPU.Build.0 = Debug|Any CPU
		{8ED181EE-A3DC-4D10-A828-6DBC4E92446C}.Release|Any CPU.ActiveCfg = Release|Any CPU
		{8ED181EE-A3DC-4D10-A828-6DBC4E92446C}.Release|Any CPU.Build.0 = Release|Any CPU
		{0ABA64D7-D509-46B4-8904-2608DF336400}.Debug|Any CPU.ActiveCfg = Debug|Any CPU
		{0ABA64D7-D509-46B4-8904-2608DF336400}.Debug|Any CPU.Build.0 = Debug|Any CPU
		{0ABA64D7-D509-46B4-8904-2608DF336400}.Release|Any CPU.ActiveCfg = Release|Any CPU
		{0ABA64D7-D509-46B4-8904-2608DF336400}.Release|Any CPU.Build.0 = Release|Any CPU
		{A8273294-C112-453B-9D06-ED04FCC363C4}.Debug|Any CPU.ActiveCfg = Debug|Any CPU
		{A8273294-C112-453B-9D06-ED04FCC363C4}.Debug|Any CPU.Build.0 = Debug|Any CPU
		{A8273294-C112-453B-9D06-ED04FCC363C4}.Release|Any CPU.ActiveCfg = Release|Any CPU
		{A8273294-C112-453B-9D06-ED04FCC363C4}.Release|Any CPU.Build.0 = Release|Any CPU
		{793936EA-2E36-4CE3-93BC-20B41EDEB7C9}.Debug|Any CPU.ActiveCfg = Debug|Any CPU
		{793936EA-2E36-4CE3-93BC-20B41EDEB7C9}.Debug|Any CPU.Build.0 = Debug|Any CPU
		{793936EA-2E36-4CE3-93BC-20B41EDEB7C9}.Release|Any CPU.ActiveCfg = Release|Any CPU
		{793936EA-2E36-4CE3-93BC-20B41EDEB7C9}.Release|Any CPU.Build.0 = Release|Any CPU
	EndGlobalSection
	GlobalSection(SolutionProperties) = preSolution
		HideSolutionNode = FALSE
	EndGlobalSection
	GlobalSection(ExtensibilityGlobals) = postSolution
		SolutionGuid = {FCEC4BE3-4F78-427F-83D1-BC793093666E}
	EndGlobalSection
EndGlobal
